
Microsoft Visual Studio Solution File, Format Version 12.00
# Visual Studio Version 16
VisualStudioVersion = 16.0.31321.278
MinimumVisualStudioVersion = 10.0.40219.1
Project("{FAE04EC0-301F-11D3-BF4B-00C04F79EFBC}") = "RetrievingData", "RetrievingData\RetrievingData.csproj", "{EDF5E808-0780-41E7-B137-F55A8800737F}"
EndProject
Global
	GlobalSection(SolutionConfigurationPlatforms) = preSolution
		Debug|Any CPU = Debug|Any CPU
		Release|Any CPU = Release|Any CPU
	EndGlobalSection
	GlobalSection(ProjectConfigurationPlatforms) = postSolution
		{EDF5E808-0780-41E7-B137-F55A8800737F}.Debug|Any CPU.ActiveCfg = Debug|Any CPU
		{EDF5E808-0780-41E7-B137-F55A8800737F}.Debug|Any CPU.Build.0 = Debug|Any CPU
		{EDF5E808-0780-41E7-B137-F55A8800737F}.Release|Any CPU.ActiveCfg = Release|Any CPU
		{EDF5E808-0780-41E7-B137-F55A8800737F}.Release|Any CPU.Build.0 = Release|Any CPU
	EndGlobalSection
	GlobalSection(SolutionProperties) = preSolution
		HideSolutionNode = FALSE
	EndGlobalSection
	GlobalSection(ExtensibilityGlobals) = postSolution
		SolutionGuid = {B0E927B2-72B1-44C0-AA61-A1C902274CDA}
	EndGlobalSection
EndGlobal
